
Microsoft Visual Studio Solution File, Format Version 12.00
# Visual Studio Version 17
VisualStudioVersion = 17.14.36616.10 d17.14
MinimumVisualStudioVersion = 10.0.40219.1
Project("{8BC9CEB8-8B4A-11D0-8D11-00A0C91BC942}") = "SocialMedia", "SocialMedia.vcxproj", "{0BAF90A4-6004-4860-8CE8-D5463884ADBB}"
EndProject
Global
	GlobalSection(SolutionConfigurationPlatforms) = preSolution
		Debug|x64 = Debug|x64
		Debug|x86 = Debug|x86
		Release|x64 = Release|x64
		Release|x86 = Release|x86
	EndGlobalSection
	GlobalSection(ProjectConfigurationPlatforms) = postSolution
		{0BAF90A4-6004-4860-8CE8-D5463884ADBB}.Debug|x64.ActiveCfg = Debug|x64
		{0BAF90A4-6004-4860-8CE8-D5463884ADBB}.Debug|x64.Build.0 = Debug|x64
		{0BAF90A4-6004-4860-8CE8-D5463884ADBB}.Debug|x86.ActiveCfg = Debug|Win32
		{0BAF90A4-6004-4860-8CE8-D5463884ADBB}.Debug|x86.Build.0 = Debug|Win32
		{0BAF90A4-6004-4860-8CE8-D5463884ADBB}.Release|x64.ActiveCfg = Release|x64
		{0BAF90A4-6004-4860-8CE8-D5463884ADBB}.Release|x64.Build.0 = Release|x64
		{0BAF90A4-6004-4860-8CE8-D5463884ADBB}.Release|x86.ActiveCfg = Release|Win32
		{0BAF90A4-6004-4860-8CE8-D5463884ADBB}.Release|x86.Build.0 = Release|Win32
	EndGlobalSection
	GlobalSection(SolutionProperties) = preSolution
		HideSolutionNode = FALSE
	EndGlobalSection
	GlobalSection(ExtensibilityGlobals) = postSolution
		SolutionGuid = {6090297C-906C-47E2-A050-5B7808521A99}
	EndGlobalSection
EndGlobal
